PODS:
  - Alamofire (4.9.0)
  - AlamofireObjectMapper (5.1.0):
    - Alamofire (~> 4.7)
    - ObjectMapper (~> 3.4)
  - ObjectMapper (3.5.1)

DEPENDENCIES:
  - AlamofireObjectMapper (from `https://github.com/RomanPodymov/AlamofireObjectMapper.git`, branch `xcode-10-2-fix`)

SPEC REPOS:
  trunk:
    - Alamofire
    - ObjectMapper

EXTERNAL SOURCES:
  AlamofireObjectMapper:
    :branch: xcode-10-2-fix
    :git: https://github.com/RomanPodymov/AlamofireObjectMapper.git

CHECKOUT OPTIONS:
  AlamofireObjectMapper:
    :commit: 0cbb1f954b9432124c30955514e0219c2d8e5a33
    :git: https://github.com/RomanPodymov/AlamofireObjectMapper.git

SPEC CHECKSUMS:
  Alamofire: afc3e7c6db61476cb45cdd23fed06bad03bbc321
  AlamofireObjectMapper: 9fec33dcec52497a2a32678cd3a7b597b5a32514
  ObjectMapper: 70187b8941977c62ccfb423caf6b50be405cabf0

PODFILE CHECKSUM: 486bcb441411e303460d8360a7f17964c38c7c9b

COCOAPODS: 1.9.3
